// !$*UTF8*$!
{
	archiveVersion = 1;
	classes = {
	};
	objectVersion = 77;
	objects = {

/* Begin PBXContainerItemProxy section */
		64E65C5E2E58A8CA00F47DAF /* PBXContainerItemProxy */ = {
			isa = PBXContainerItemProxy;
			containerPortal = 64E65C412E58A8C900F47DAF /* Project object */;
			proxyType = 1;
			remoteGlobalIDString = 64E65C482E58A8C900F47DAF;
			remoteInfo = SnapNotion;
		};
		64E65C682E58A8CA00F47DAF /* PBXContainerItemProxy */ = {
			isa = PBXContainerItemProxy;
			containerPortal = 64E65C412E58A8C900F47DAF /* Project object */;
			proxyType = 1;
			remoteGlobalIDString = 64E65C482E58A8C900F47DAF;
			remoteInfo = SnapNotion;
		};
/* End PBXContainerItemProxy section */

/* Begin PBXFileReference section */
		64E65C492E58A8C900F47DAF /* SnapNotion.app */ = {isa = PBXFileReference; explicitFileType = wrapper.application; includeInIndex = 0; path = SnapNotion.app; sourceTree = BUILT_PRODUCTS_DIR; };
		64E65C5D2E58A8CA00F47DAF /* SnapNotionTests.xctest */ = {isa = PBXFileReference; explicitFileType = wrapper.cfbundle; includeInIndex = 0; path = SnapNotionTests.xctest; sourceTree = BUILT_PRODUCTS_DIR; };
		64E65C672E58A8CA00F47DAF /* SnapNotionUITests.xctest */ = {isa = PBXFileReference; explicitFileType = wrapper.cfbundle; includeInIndex = 0; path = SnapNotionUITests.xctest; sourceTree = BUILT_PRODUCTS_DIR; };
/* End PBXFileReference section */

/* Begin PBXFileSystemSynchronizedBuildFileExceptionSet section */
		64E65C6F2E58A8CA00F47DAF /* Exceptions for "SnapNotion" folder in "SnapNotion" target */ = {
			isa = PBXFileSystemSynchronizedBuildFileExceptionSet;
			membershipExceptions = (
				Info.plist,
			);
			target = 64E65C482E58A8C900F47DAF /* SnapNotion */;
		};
/* End PBXFileSystemSynchronizedBuildFileExceptionSet section */

/* Begin PBXFileSystemSynchronizedRootGroup section */
		64E65C4B2E58A8C900F47DAF /* SnapNotion */ = {
			isa = PBXFileSystemSynchronizedRootGroup;
			exceptions = (
				64E65C6F2E58A8CA00F47DAF /* Exceptions for "SnapNotion" folder in "SnapNotion" target */,
			);
			path = SnapNotion;
			sourceTree = "<group>";
		};
		64E65C602E58A8CA00F47DAF /* SnapNotionTests */ = {
			isa = PBXFileSystemSynchronizedRootGroup;
			path = SnapNotionTests;
			sourceTree = "<group>";
		};
		64E65C6A2E58A8CA00F47DAF /* SnapNotionUITests */ = {
			isa = PBXFileSystemSynchronizedRootGroup;
			path = SnapNotionUITests;
			sourceTree = "<group>";
		};
/* End PBXFileSystemSynchronizedRootGroup section */

/* Begin PBXFrameworksBuildPhase section */
		64E65C462E58A8C900F47DAF /* Frameworks */ = {
			isa = PBXFrameworksBuildPhase;
			buildActionMask = 2147483647;
			files = (
			);
			runOnlyForDeploymentPostprocessing = 0;
		};
		64E65C5A2E58A8CA00F47DAF /* Frameworks */ = {
			isa = PBXFrameworksBuildPhase;
			buildActionMask = 2147483647;
			files = (
			);
			runOnlyForDeploymentPostprocessing = 0;
		};
		64E65C642E58A8CA00F47DAF /* Frameworks */ = {
			isa = PBXFrameworksBuildPhase;
			buildActionMask = 2147483647;
			files = (
			);
			runOnlyForDeploymentPostprocessing = 0;
		};
/* End PBXFrameworksBuildPhase section */

/* Begin PBXGroup section */
		64E65C402E58A8C900F47DAF = {
			isa = PBXGroup;
			children = (
				64E65C4B2E58A8C900F47DAF /* SnapNotion */,
				64E65C602E58A8CA00F47DAF /* SnapNotionTests */,
				64E65C6A2E58A8CA00F47DAF /* SnapNotionUITests */,
				64E65C4A2E58A8C900F47DAF /* Products */,
			);
			sourceTree = "<group>";
		};
		64E65C4A2E58A8C900F47DAF /* Products */ = {
			isa = PBXGroup;
			children = (
				64E65C492E58A8C900F47DAF /* SnapNotion.app */,
				64E65C5D2E58A8CA00F47DAF /* SnapNotionTests.xctest */,
				64E65C672E58A8CA00F47DAF /* SnapNotionUITests.xctest */,
			);
			name = Products;
			sourceTree = "<group>";
		};
/* End PBXGroup section */

/* Begin PBXNativeTarget section */
		64E65C482E58A8C900F47DAF /* SnapNotion */ = {
			isa = PBXNativeTarget;
			buildConfigurationList = 64E65C702E58A8CA00F47DAF /* Build configuration list for PBXNativeTarget "SnapNotion" */;
			buildPhases = (
				64E65C452E58A8C900F47DAF /* Sources */,
				64E65C462E58A8C900F47DAF /* Frameworks */,
				64E65C472E58A8C900F47DAF /* Resources */,
			);
			buildRules = (
			);
			dependencies = (
			);
			fileSystemSynchronizedGroups = (
				64E65C4B2E58A8C900F47DAF /* SnapNotion */,
			);
			name = SnapNotion;
			packageProductDependencies = (
			);
			productName = SnapNotion;
			productReference = 64E65C492E58A8C900F47DAF /* SnapNotion.app */;
			productType = "com.apple.product-type.application";
		};
		64E65C5C2E58A8CA00F47DAF /* SnapNotionTests */ = {
			isa = PBXNativeTarget;
			buildConfigurationList = 64E65C752E58A8CA00F47DAF /* Build configuration list for PBXNativeTarget "SnapNotionTests" */;
			buildPhases = (
				64E65C592E58A8CA00F47DAF /* Sources */,
				64E65C5A2E58A8CA00F47DAF /* Frameworks */,
				64E65C5B2E58A8CA00F47DAF /* Resources */,
			);
			buildRules = (
			);
			dependencies = (
				64E65C5F2E58A8CA00F47DAF /* PBXTargetDependency */,
			);
			fileSystemSynchronizedGroups = (
				64E65C602E58A8CA00F47DAF /* SnapNotionTests */,
			);
			name = SnapNotionTests;
			packageProductDependencies = (
			);
			productName = SnapNotionTests;
			productReference = 64E65C5D2E58A8CA00F47DAF /* SnapNotionTests.xctest */;
			productType = "com.apple.product-type.bundle.unit-test";
		};
		64E65C662E58A8CA00F47DAF /* SnapNotionUITests */ = {
			isa = PBXNativeTarget;
			buildConfigurationList = 64E65C782E58A8CA00F47DAF /* Build configuration list for PBXNativeTarget "SnapNotionUITests" */;
			buildPhases = (
				64E65C632E58A8CA00F47DAF /* Sources */,
				64E65C642E58A8CA00F47DAF /* Frameworks */,
				64E65C652E58A8CA00F47DAF /* Resources */,
			);
			buildRules = (
			);
			dependencies = (
				64E65C692E58A8CA00F47DAF /* PBXTargetDependency */,
			);
			fileSystemSynchronizedGroups = (
				64E65C6A2E58A8CA00F47DAF /* SnapNotionUITests */,
			);
			name = SnapNotionUITests;
			packageProductDependencies = (
			);
			productName = SnapNotionUITests;
			productReference = 64E65C672E58A8CA00F47DAF /* SnapNotionUITests.xctest */;
			productType = "com.apple.product-type.bundle.ui-testing";
		};
/* End PBXNativeTarget section */

/* Begin PBXProject section */
		64E65C412E58A8C900F47DAF /* Project object */ = {
			isa = PBXProject;
			attributes = {
				BuildIndependentTargetsInParallel = 1;
				LastSwiftUpdateCheck = 1640;
				LastUpgradeCheck = 1640;
				TargetAttributes = {
					64E65C482E58A8C900F47DAF = {
						CreatedOnToolsVersion = 16.4;
					};
					64E65C5C2E58A8CA00F47DAF = {
						CreatedOnToolsVersion = 16.4;
						TestTargetID = 64E65C482E58A8C900F47DAF;
					};
					64E65C662E58A8CA00F47DAF = {
						CreatedOnToolsVersion = 16.4;
						TestTargetID = 64E65C482E58A8C900F47DAF;
					};
				};
			};
			buildConfigurationList = 64E65C442E58A8C900F47DAF /* Build configuration list for PBXProject "SnapNotion" */;
			developmentRegion = en;
			hasScannedForEncodings = 0;
			knownRegions = (
				en,
				Base,
			);
			mainGroup = 64E65C402E58A8C900F47DAF;
			minimizedProjectReferenceProxies = 1;
			preferredProjectObjectVersion = 77;
			productRefGroup = 64E65C4A2E58A8C900F47DAF /* Products */;
			projectDirPath = "";
			projectRoot = "";
			targets = (
				64E65C482E58A8C900F47DAF /* SnapNotion */,
				64E65C5C2E58A8CA00F47DAF /* SnapNotionTests */,
				64E65C662E58A8CA00F47DAF /* SnapNotionUITests */,
			);
		};
/* End PBXProject section */

/* Begin PBXResourcesBuildPhase section */
		64E65C472E58A8C900F47DAF /* Resources */ = {
			isa = PBXResourcesBuildPhase;
			buildActionMask = 2147483647;
			files = (
			);
			runOnlyForDeploymentPostprocessing = 0;
		};
		64E65C5B2E58A8CA00F47DAF /* Resources */ = {
			isa = PBXResourcesBuildPhase;
			buildActionMask = 2147483647;
			files = (
			);
			runOnlyForDeploymentPostprocessing = 0;
		};
		64E65C652E58A8CA00F47DAF /* Resources */ = {
			isa = PBXResourcesBuildPhase;
			buildActionMask = 2147483647;
			files = (
			);
			runOnlyForDeploymentPostprocessing = 0;
		};
/* End PBXResourcesBuildPhase section */

/* Begin PBXSourcesBuildPhase section */
		64E65C452E58A8C900F47DAF /* Sources */ = {
			isa = PBXSourcesBuildPhase;
			buildActionMask = 2147483647;
			files = (
			);
			runOnlyForDeploymentPostprocessing = 0;
		};
		64E65C592E58A8CA00F47DAF /* Sources */ = {
			isa = PBXSourcesBuildPhase;
			buildActionMask = 2147483647;
			files = (
			);
			runOnlyForDeploymentPostprocessing = 0;
		};
		64E65C632E58A8CA00F47DAF /* Sources */ = {
			isa = PBXSourcesBuildPhase;
			buildActionMask = 2147483647;
			files = (
			);
			runOnlyForDeploymentPostprocessing = 0;
		};
/* End PBXSourcesBuildPhase section */

/* Begin PBXTargetDependency section */
		64E65C5F2E58A8CA00F47DAF /* PBXTargetDependency */ = {
			isa = PBXTargetDependency;
			target = 64E65C482E58A8C900F47DAF /* SnapNotion */;
			targetProxy = 64E65C5E2E58A8CA00F47DAF /* PBXContainerItemProxy */;
		};
		64E65C692E58A8CA00F47DAF /* PBXTargetDependency */ = {
			isa = PBXTargetDependency;
			target = 64E65C482E58A8C900F47DAF /* SnapNotion */;
			targetProxy = 64E65C682E58A8CA00F47DAF /* PBXContainerItemProxy */;
		};
/* End PBXTargetDependency section */

/* Begin XCBuildConfiguration section */
		64E65C712E58A8CA00F47DAF /* Debug */ = {
			isa = XCBuildConfiguration;
			buildSettings = {
				ASSETCATALOG_COMPILER_APPICON_NAME = AppIcon;
				ASSETCATALOG_COMPILER_GLOBAL_ACCENT_COLOR_NAME = AccentColor;
				CODE_SIGN_ENTITLEMENTS = SnapNotion/SnapNotion.entitlements;
				CODE_SIGN_STYLE = Automatic;
				CURRENT_PROJECT_VERSION = 1;
				ENABLE_PREVIEWS = YES;
				GENERATE_INFOPLIST_FILE = YES;
				INFOPLIST_FILE = SnapNotion/Info.plist;
				INFOPLIST_KEY_UIApplicationSceneManifest_Generation = YES;
				INFOPLIST_KEY_UIApplicationSupportsIndirectInputEvents = YES;
				INFOPLIST_KEY_UILaunchScreen_Generation = YES;
				INFOPLIST_KEY_UISupportedInterfaceOrientations_iPad = "UIInterfaceOrientationPortrait UIInterfaceOrientationPortraitUpsideDown UIInterfaceOrientationLandscapeLeft UIInterfaceOrientationLandscapeRight";
				INFOPLIST_KEY_UISupportedInterfaceOrientations_iPhone = "UIInterfaceOrientationPortrait UIInterfaceOrientationLandscapeLeft UIInterfaceOrientationLandscapeRight";
				LD_RUNPATH_SEARCH_PATHS = (
					"$(inherited)",
					"@executable_path/Frameworks",
				);
				MARKETING_VERSION = 1.0;
				PRODUCT_BUNDLE_IDENTIFIER = com.ictms.SnapNotion;
				PRODUCT_NAME = "$(TARGET_NAME)";
				SWIFT_EMIT_LOC_STRINGS = YES;
				SWIFT_VERSION = 5.0;
				TARGETED_DEVICE_FAMILY = "1,2";
			};
			name = Debug;
		};
		64E65C722E58A8CA00F47DAF /* Release */ = {
			isa = XCBuildConfiguration;
			buildSettings = {
				ASSETCATALOG_COMPILER_APPICON_NAME = AppIcon;
				ASSETCATALOG_COMPILER_GLOBAL_ACCENT_COLOR_NAME = AccentColor;
				CODE_SIGN_ENTITLEMENTS = SnapNotion/SnapNotion.entitlements;
				CODE_SIGN_STYLE = Automatic;
				CURRENT_PROJECT_VERSION = 1;
				ENABLE_PREVIEWS = YES;
				GENERATE_INFOPLIST_FILE = YES;
				INFOPLIST_FILE = SnapNotion/Info.plist;
				INFOPLIST_KEY_UIApplicationSceneManifest_Generation = YES;
				INFOPLIST_KEY_UIApplicationSupportsIndirectInputEvents = YES;
				INFOPLIST_KEY_UILaunchScreen_Generation = YES;
				INFOPLIST_KEY_UISupportedInterfaceOrientations_iPad = "UIInterfaceOrientationPortrait UIInterfaceOrientationPortraitUpsideDown UIInterfaceOrientationLandscapeLeft UIInterfaceOrientationLandscapeRight";
				INFOPLIST_KEY_UISupportedInterfaceOrientations_iPhone = "UIInterfaceOrientationPortrait UIInterfaceOrientationLandscapeLeft UIInterfaceOrientationLandscapeRight";
				LD_RUNPATH_SEARCH_PATHS = (
					"$(inherited)",
					"@executable_path/Frameworks",
				);
				MARKETING_VERSION = 1.0;
				PRODUCT_BUNDLE_IDENTIFIER = com.ictms.SnapNotion;
				PRODUCT_NAME = "$(TARGET_NAME)";
				SWIFT_EMIT_LOC_STRINGS = YES;
				SWIFT_VERSION = 5.0;
				TARGETED_DEVICE_FAMILY = "1,2";
			};
			name = Release;
		};
		64E65C732E58A8CA00F47DAF /* Debug */ = {
			isa = XCBuildConfiguration;
			buildSettings = {
				ALWAYS_SEARCH_USER_PATHS = NO;
				ASSETCATALOG_COMPILER_GENERATE_SWIFT_ASSET_SYMBOL_EXTENSIONS = YES;
				CLANG_ANALYZER_NONNULL = YES;
				CLANG_ANALYZER_NUMBER_OBJECT_CONVERSION = YES_AGGRESSIVE;
				CLANG_CXX_LANGUAGE_STANDARD = "gnu++20";
				CLANG_ENABLE_MODULES = YES;
				CLANG_ENABLE_OBJC_ARC = YES;
				CLANG_ENABLE_OBJC_WEAK = YES;
				CLANG_WARN_BLOCK_CAPTURE_AUTORELEASING = YES;
				CLANG_WARN_BOOL_CONVERSION = YES;
				CLANG_WARN_COMMA = YES;
				CLANG_WARN_CONSTANT_CONVERSION = YES;
				CLANG_WARN_DEPRECATED_OBJC_IMPLEMENTATIONS = YES;
				CLANG_WARN_DIRECT_OBJC_ISA_USAGE = YES_ERROR;
				CLANG_WARN_DOCUMENTATION_COMMENTS = YES;
				CLANG_WARN_EMPTY_BODY = YES;
				CLANG_WARN_ENUM_CONVERSION = YES;
				CLANG_WARN_INFINITE_RECURSION = YES;
				CLANG_WARN_INT_CONVERSION = YES;
				CLANG_WARN_NON_LITERAL_NULL_CONVERSION = YES;
				CLANG_WARN_OBJC_IMPLICIT_RETAIN_SELF = YES;
				CLANG_WARN_OBJC_LITERAL_CONVERSION = YES;
				CLANG_WARN_OBJC_ROOT_CLASS = YES_ERROR;
				CLANG_WARN_QUOTED_INCLUDE_IN_FRAMEWORK_HEADER = YES;
				CLANG_WARN_RANGE_LOOP_ANALYSIS = YES;
				CLANG_WARN_STRICT_PROTOTYPES = YES;
				CLANG_WARN_SUSPICIOUS_MOVE = YES;
				CLANG_WARN_UNGUARDED_AVAILABILITY = YES_AGGRESSIVE;
				CLANG_WARN_UNREACHABLE_CODE = YES;
				CLANG_WARN__DUPLICATE_METHOD_MATCH = YES;
				COPY_PHASE_STRIP = NO;
				DEBUG_INFORMATION_FORMAT = dwarf;
				ENABLE_STRICT_OBJC_MSGSEND = YES;
				ENABLE_TESTABILITY = YES;
				ENABLE_USER_SCRIPT_SANDBOXING = YES;
				GCC_C_LANGUAGE_STANDARD = gnu17;
				GCC_DYNAMIC_NO_PIC = NO;
				GCC_NO_COMMON_BLOCKS = YES;
				GCC_OPTIMIZATION_LEVEL = 0;
				GCC_PREPROCESSOR_DEFINITIONS = (
					"DEBUG=1",
					"$(inherited)",
				);
				GCC_WARN_64_TO_32_BIT_CONVERSION = YES;
				GCC_WARN_ABOUT_RETURN_TYPE = YES_ERROR;
				GCC_WARN_UNDECLARED_SELECTOR = YES;
				GCC_WARN_UNINITIALIZED_AUTOS = YES_AGGRESSIVE;
				GCC_WARN_UNUSED_FUNCTION = YES;
				GCC_WARN_UNUSED_VARIABLE = YES;
				IPHONEOS_DEPLOYMENT_TARGET = 18.5;
				LOCALIZATION_PREFERS_STRING_CATALOGS = YES;
				MTL_ENABLE_DEBUG_INFO = INCLUDE_SOURCE;
				MTL_FAST_MATH = YES;
				ONLY_ACTIVE_ARCH = YES;
				SDKROOT = iphoneos;
				SWIFT_ACTIVE_COMPILATION_CONDITIONS = "DEBUG $(inherited)";
				SWIFT_OPTIMIZATION_LEVEL = "-Onone";
			};
			name = Debug;
		};
		64E65C742E58A8CA00F47DAF /* Release */ = {
			isa = XCBuildConfiguration;
			buildSettings = {
				ALWAYS_SEARCH_USER_PATHS = NO;
				ASSETCATALOG_COMPILER_GENERATE_SWIFT_ASSET_SYMBOL_EXTENSIONS = YES;
				CLANG_ANALYZER_NONNULL = YES;
				CLANG_ANALYZER_NUMBER_OBJECT_CONVERSION = YES_AGGRESSIVE;
				CLANG_CXX_LANGUAGE_STANDARD = "gnu++20";
				CLANG_ENABLE_MODULES = YES;
				CLANG_ENABLE_OBJC_ARC = YES;
				CLANG_ENABLE_OBJC_WEAK = YES;
				CLANG_WARN_BLOCK_CAPTURE_AUTORELEASING = YES;
				CLANG_WARN_BOOL_CONVERSION = YES;
				CLANG_WARN_COMMA = YES;
				CLANG_WARN_CONSTANT_CONVERSION = YES;
				CLANG_WARN_DEPRECATED_OBJC_IMPLEMENTATIONS = YES;
				CLANG_WARN_DIRECT_OBJC_ISA_USAGE = YES_ERROR;
				CLANG_WARN_DOCUMENTATION_COMMENTS = YES;
				CLANG_WARN_EMPTY_BODY = YES;
				CLANG_WARN_ENUM_CONVERSION = YES;
				CLANG_WARN_INFINITE_RECURSION = YES;
				CLANG_WARN_INT_CONVERSION = YES;
				CLANG_WARN_NON_LITERAL_NULL_CONVERSION = YES;
				CLANG_WARN_OBJC_IMPLICIT_RETAIN_SELF = YES;
				CLANG_WARN_OBJC_LITERAL_CONVERSION = YES;
				CLANG_WARN_OBJC_ROOT_CLASS = YES_ERROR;
				CLANG_WARN_QUOTED_INCLUDE_IN_FRAMEWORK_HEADER = YES;
				CLANG_WARN_RANGE_LOOP_ANALYSIS = YES;
				CLANG_WARN_STRICT_PROTOTYPES = YES;
				CLANG_WARN_SUSPICIOUS_MOVE = YES;
				CLANG_WARN_UNGUARDED_AVAILABILITY = YES_AGGRESSIVE;
				CLANG_WARN_UNREACHABLE_CODE = YES;
				CLANG_WARN__DUPLICATE_METHOD_MATCH = YES;
				COPY_PHASE_STRIP = NO;
				DEBUG_INFORMATION_FORMAT = "dwarf-with-dsym";
				ENABLE_NS_ASSERTIONS = NO;
				ENABLE_STRICT_OBJC_MSGSEND = YES;
				ENABLE_USER_SCRIPT_SANDBOXING = YES;
				GCC_C_LANGUAGE_STANDARD = gnu17;
				GCC_NO_COMMON_BLOCKS = YES;
				GCC_WARN_64_TO_32_BIT_CONVERSION = YES;
				GCC_WARN_ABOUT_RETURN_TYPE = YES_ERROR;
				GCC_WARN_UNDECLARED_SELECTOR = YES;
				GCC_WARN_UNINITIALIZED_AUTOS = YES_AGGRESSIVE;
				GCC_WARN_UNUSED_FUNCTION = YES;
				GCC_WARN_UNUSED_VARIABLE = YES;
				IPHONEOS_DEPLOYMENT_TARGET = 18.5;
				LOCALIZATION_PREFERS_STRING_CATALOGS = YES;
				MTL_ENABLE_DEBUG_INFO = NO;
				MTL_FAST_MATH = YES;
				SDKROOT = iphoneos;
				SWIFT_COMPILATION_MODE = wholemodule;
				VALIDATE_PRODUCT = YES;
			};
			name = Release;
		};
		64E65C762E58A8CA00F47DAF /* Debug */ = {
			isa = XCBuildConfiguration;
			buildSettings = {
				BUNDLE_LOADER = "$(TEST_HOST)";
				CODE_SIGN_STYLE = Automatic;
				CURRENT_PROJECT_VERSION = 1;
				GENERATE_INFOPLIST_FILE = YES;
				IPHONEOS_DEPLOYMENT_TARGET = 18.5;
				MARKETING_VERSION = 1.0;
				PRODUCT_BUNDLE_IDENTIFIER = com.ictms.SnapNotionTests;
				PRODUCT_NAME = "$(TARGET_NAME)";
				SWIFT_EMIT_LOC_STRINGS = NO;
				SWIFT_VERSION = 5.0;
				TARGETED_DEVICE_FAMILY = "1,2";
				TEST_HOST = "$(BUILT_PRODUCTS_DIR)/SnapNotion.app/$(BUNDLE_EXECUTABLE_FOLDER_PATH)/SnapNotion";
			};
			name = Debug;
		};
		64E65C772E58A8CA00F47DAF /* Release */ = {
			isa = XCBuildConfiguration;
			buildSettings = {
				BUNDLE_LOADER = "$(TEST_HOST)";
				CODE_SIGN_STYLE = Automatic;
				CURRENT_PROJECT_VERSION = 1;
				GENERATE_INFOPLIST_FILE = YES;
				IPHONEOS_DEPLOYMENT_TARGET = 18.5;
				MARKETING_VERSION = 1.0;
				PRODUCT_BUNDLE_IDENTIFIER = com.ictms.SnapNotionTests;
				PRODUCT_NAME = "$(TARGET_NAME)";
				SWIFT_EMIT_LOC_STRINGS = NO;
				SWIFT_VERSION = 5.0;
				TARGETED_DEVICE_FAMILY = "1,2";
				TEST_HOST = "$(BUILT_PRODUCTS_DIR)/SnapNotion.app/$(BUNDLE_EXECUTABLE_FOLDER_PATH)/SnapNotion";
			};
			name = Release;
		};
		64E65C792E58A8CA00F47DAF /* Debug */ = {
			isa = XCBuildConfiguration;
			buildSettings = {
				CODE_SIGN_STYLE = Automatic;
				CURRENT_PROJECT_VERSION = 1;
				GENERATE_INFOPLIST_FILE = YES;
				MARKETING_VERSION = 1.0;
				PRODUCT_BUNDLE_IDENTIFIER = com.ictms.SnapNotionUITests;
				PRODUCT_NAME = "$(TARGET_NAME)";
				SWIFT_EMIT_LOC_STRINGS = NO;
				SWIFT_VERSION = 5.0;
				TARGETED_DEVICE_FAMILY = "1,2";
				TEST_TARGET_NAME = SnapNotion;
			};
			name = Debug;
		};
		64E65C7A2E58A8CA00F47DAF /* Release */ = {
			isa = XCBuildConfiguration;
			buildSettings = {
				CODE_SIGN_STYLE = Automatic;
				CURRENT_PROJECT_VERSION = 1;
				GENERATE_INFOPLIST_FILE = YES;
				MARKETING_VERSION = 1.0;
				PRODUCT_BUNDLE_IDENTIFIER = com.ictms.SnapNotionUITests;
				PRODUCT_NAME = "$(TARGET_NAME)";
				SWIFT_EMIT_LOC_STRINGS = NO;
				SWIFT_VERSION = 5.0;
				TARGETED_DEVICE_FAMILY = "1,2";
				TEST_TARGET_NAME = SnapNotion;
			};
			name = Release;
		};
/* End XCBuildConfiguration section */

/* Begin XCConfigurationList section */
		64E65C442E58A8C900F47DAF /* Build configuration list for PBXProject "SnapNotion" */ = {
			isa = XCConfigurationList;
			buildConfigurations = (
				64E65C732E58A8CA00F47DAF /* Debug */,
				64E65C742E58A8CA00F47DAF /* Release */,
			);
			defaultConfigurationIsVisible = 0;
			defaultConfigurationName = Release;
		};
		64E65C702E58A8CA00F47DAF /* Build configuration list for PBXNativeTarget "SnapNotion" */ = {
			isa = XCConfigurationList;
			buildConfigurations = (
				64E65C712E58A8CA00F47DAF /* Debug */,
				64E65C722E58A8CA00F47DAF /* Release */,
			);
			defaultConfigurationIsVisible = 0;
			defaultConfigurationName = Release;
		};
		64E65C752E58A8CA00F47DAF /* Build configuration list for PBXNativeTarget "SnapNotionTests" */ = {
			isa = XCConfigurationList;
			buildConfigurations = (
				64E65C762E58A8CA00F47DAF /* Debug */,
				64E65C772E58A8CA00F47DAF /* Release */,
			);
			defaultConfigurationIsVisible = 0;
			defaultConfigurationName = Release;
		};
		64E65C782E58A8CA00F47DAF /* Build configuration list for PBXNativeTarget "SnapNotionUITests" */ = {
			isa = XCConfigurationList;
			buildConfigurations = (
				64E65C792E58A8CA00F47DAF /* Debug */,
				64E65C7A2E58A8CA00F47DAF /* Release */,
			);
			defaultConfigurationIsVisible = 0;
			defaultConfigurationName = Release;
		};
/* End XCConfigurationList section */
	};
	rootObject = 64E65C412E58A8C900F47DAF /* Project object */;
}
